// !$*UTF8*$!
{
	archiveVersion = 1;
	classes = {
	};
	objectVersion = 46;
	objects = {

/* Begin PBXBuildFile section */
		2CDB63BA1AE94E2E00DC36B7 /* AppDelegate.swift in Sources */ = {isa = PBXBuildFile; fileRef = 2CDB63B91AE94E2E00DC36B7 /* AppDelegate.swift */; };
		2CDB63BC1AE94E2E00DC36B7 /* ViewController.swift in Sources */ = {isa = PBXBuildFile; fileRef = 2CDB63BB1AE94E2E00DC36B7 /* ViewController.swift */; };
		2CDB63BF1AE94E2E00DC36B7 /* Main.storyboard in Resources */ = {isa = PBXBuildFile; fileRef = 2CDB63BD1AE94E2E00DC36B7 /* Main.storyboard */; };
		2CDB63C11AE94E2E00DC36B7 /* Images.xcassets in Resources */ = {isa = PBXBuildFile; fileRef = 2CDB63C01AE94E2E00DC36B7 /* Images.xcassets */; };
		2CDB63C41AE94E2E00DC36B7 /* LaunchScreen.xib in Resources */ = {isa = PBXBuildFile; fileRef = 2CDB63C21AE94E2E00DC36B7 /* LaunchScreen.xib */; };
		2CDB63D01AE94E2E00DC36B7 /* rewundTests.swift in Sources */ = {isa = PBXBuildFile; fileRef = 2CDB63CF1AE94E2E00DC36B7 /* rewundTests.swift */; };
/* End PBXBuildFile section */

/* Begin PBXContainerItemProxy section */
		2CDB63CA1AE94E2E00DC36B7 /* PBXContainerItemProxy */ = {
			isa = PBXContainerItemProxy;
			containerPortal = 2CDB63AC1AE94E2E00DC36B7 /* Project object */;
			proxyType = 1;
			remoteGlobalIDString = 2CDB63B31AE94E2E00DC36B7;
			remoteInfo = rewund;
		};
/* End PBXContainerItemProxy section */

/* Begin PBXFileReference section */
		2CDB63B41AE94E2E00DC36B7 /* rewund.app */ = {isa = PBXFileReference; explicitFileType = wrapper.application; includeInIndex = 0; path = rewund.app; sourceTree = BUILT_PRODUCTS_DIR; };
		2CDB63B81AE94E2E00DC36B7 /* Info.plist */ = {isa = PBXFileReference; lastKnownFileType = text.plist.xml; path = Info.plist; sourceTree = "<group>"; };
		2CDB63B91AE94E2E00DC36B7 /* AppDelegate.swift */ = {isa = PBXFileReference; lastKnownFileType = sourcecode.swift; path = AppDelegate.swift; sourceTree = "<group>"; };
		2CDB63BB1AE94E2E00DC36B7 /* ViewController.swift */ = {isa = PBXFileReference; lastKnownFileType = sourcecode.swift; path = ViewController.swift; sourceTree = "<group>"; };
		2CDB63BE1AE94E2E00DC36B7 /* Base */ = {isa = PBXFileReference; lastKnownFileType = file.storyboard; name = Base; path = Base.lproj/Main.storyboard; sourceTree = "<group>"; };
		2CDB63C01AE94E2E00DC36B7 /* Images.xcassets */ = {isa = PBXFileReference; lastKnownFileType = folder.assetcatalog; path = Images.xcassets; sourceTree = "<group>"; };
		2CDB63C31AE94E2E00DC36B7 /* Base */ = {isa = PBXFileReference; lastKnownFileType = file.xib; name = Base; path = Base.lproj/LaunchScreen.xib; sourceTree = "<group>"; };
		2CDB63C91AE94E2E00DC36B7 /* rewundTests.xctest */ = {isa = PBXFileReference; explicitFileType = wrapper.cfbundle; includeInIndex = 0; path = rewundTests.xctest; sourceTree = BUILT_PRODUCTS_DIR; };
		2CDB63CE1AE94E2E00DC36B7 /* Info.plist */ = {isa = PBXFileReference; lastKnownFileType = text.plist.xml; path = Info.plist; sourceTree = "<group>"; };
		2CDB63CF1AE94E2E00DC36B7 /* rewundTests.swift */ = {isa = PBXFileReference; lastKnownFileType = sourcecode.swift; path = rewundTests.swift; sourceTree = "<group>"; };
/* End PBXFileReference section */

/* Begin PBXFrameworksBuildPhase section */
		2CDB63B11AE94E2E00DC36B7 /* Frameworks */ = {
			isa = PBXFrameworksBuildPhase;
			buildActionMask = 2147483647;
			files = (
			);
			runOnlyForDeploymentPostprocessing = 0;
		};
		2CDB63C61AE94E2E00DC36B7 /* Frameworks */ = {
			isa = PBXFrameworksBuildPhase;
			buildActionMask = 2147483647;
			files = (
			);
			runOnlyForDeploymentPostprocessing = 0;
		};
/* End PBXFrameworksBuildPhase section */

/* Begin PBXGroup section */
		2CDB63AB1AE94E2E00DC36B7 = {
			isa = PBXGroup;
			children = (
				2CDB63B61AE94E2E00DC36B7 /* rewund */,
				2CDB63CC1AE94E2E00DC36B7 /* rewundTests */,
				2CDB63B51AE94E2E00DC36B7 /* Products */,
			);
			sourceTree = "<group>";
		};
		2CDB63B51AE94E2E00DC36B7 /* Products */ = {
			isa = PBXGroup;
			children = (
				2CDB63B41AE94E2E00DC36B7 /* rewund.app */,
				2CDB63C91AE94E2E00DC36B7 /* rewundTests.xctest */,
			);
			name = Products;
			sourceTree = "<group>";
		};
		2CDB63B61AE94E2E00DC36B7 /* rewund */ = {
			isa = PBXGroup;
			children = (
				2CDB63B91AE94E2E00DC36B7 /* AppDelegate.swift */,
				2CDB63BB1AE94E2E00DC36B7 /* ViewController.swift */,
				2CDB63BD1AE94E2E00DC36B7 /* Main.storyboard */,
				2CDB63C01AE94E2E00DC36B7 /* Images.xcassets */,
				2CDB63C21AE94E2E00DC36B7 /* LaunchScreen.xib */,
				2CDB63B71AE94E2E00DC36B7 /* Supporting Files */,
			);
			path = rewund;
			sourceTree = "<group>";
		};
		2CDB63B71AE94E2E00DC36B7 /* Supporting Files */ = {
			isa = PBXGroup;
			children = (
				2CDB63B81AE94E2E00DC36B7 /* Info.plist */,
			);
			name = "Supporting Files";
			sourceTree = "<group>";
		};
		2CDB63CC1AE94E2E00DC36B7 /* rewundTests */ = {
			isa = PBXGroup;
			children = (
				2CDB63CF1AE94E2E00DC36B7 /* rewundTests.swift */,
				2CDB63CD1AE94E2E00DC36B7 /* Supporting Files */,
			);
			path = rewundTests;
			sourceTree = "<group>";
		};
		2CDB63CD1AE94E2E00DC36B7 /* Supporting Files */ = {
			isa = PBXGroup;
			children = (
				2CDB63CE1AE94E2E00DC36B7 /* Info.plist */,
			);
			name = "Supporting Files";
			sourceTree = "<group>";
		};
/* End PBXGroup section */

/* Begin PBXNativeTarget section */
		2CDB63B31AE94E2E00DC36B7 /* rewund */ = {
			isa = PBXNativeTarget;
			buildConfigurationList = 2CDB63D31AE94E2E00DC36B7 /* Build configuration list for PBXNativeTarget "rewund" */;
			buildPhases = (
				2CDB63B01AE94E2E00DC36B7 /* Sources */,
				2CDB63B11AE94E2E00DC36B7 /* Frameworks */,
				2CDB63B21AE94E2E00DC36B7 /* Resources */,
			);
			buildRules = (
			);
			dependencies = (
			);
			name = rewund;
			productName = rewund;
			productReference = 2CDB63B41AE94E2E00DC36B7 /* rewund.app */;
			productType = "com.apple.product-type.application";
		};
		2CDB63C81AE94E2E00DC36B7 /* rewundTests */ = {
			isa = PBXNativeTarget;
			buildConfigurationList = 2CDB63D61AE94E2E00DC36B7 /* Build configuration list for PBXNativeTarget "rewundTests" */;
			buildPhases = (
				2CDB63C51AE94E2E00DC36B7 /* Sources */,
				2CDB63C61AE94E2E00DC36B7 /* Frameworks */,
				2CDB63C71AE94E2E00DC36B7 /* Resources */,
			);
			buildRules = (
			);
			dependencies = (
				2CDB63CB1AE94E2E00DC36B7 /* PBXTargetDependency */,
			);
			name = rewundTests;
			productName = rewundTests;
			productReference = 2CDB63C91AE94E2E00DC36B7 /* rewundTests.xctest */;
			productType = "com.apple.product-type.bundle.unit-test";
		};
/* End PBXNativeTarget section */

/* Begin PBXProject section */
		2CDB63AC1AE94E2E00DC36B7 /* Project object */ = {
			isa = PBXProject;
			attributes = {
				LastUpgradeCheck = 0630;
				ORGANIZATIONNAME = SwiftBeard;
				TargetAttributes = {
					2CDB63B31AE94E2E00DC36B7 = {
						CreatedOnToolsVersion = 6.3.1;
					};
					2CDB63C81AE94E2E00DC36B7 = {
						CreatedOnToolsVersion = 6.3.1;
						TestTargetID = 2CDB63B31AE94E2E00DC36B7;
					};
				};
			};
			buildConfigurationList = 2CDB63AF1AE94E2E00DC36B7 /* Build configuration list for PBXProject "rewund" */;
			compatibilityVersion = "Xcode 3.2";
			developmentRegion = English;
			hasScannedForEncodings = 0;
			knownRegions = (
				en,
				Base,
			);
			mainGroup = 2CDB63AB1AE94E2E00DC36B7;
			productRefGroup = 2CDB63B51AE94E2E00DC36B7 /* Products */;
			projectDirPath = "";
			projectRoot = "";
			targets = (
				2CDB63B31AE94E2E00DC36B7 /* rewund */,
				2CDB63C81AE94E2E00DC36B7 /* rewundTests */,
			);
		};
/* End PBXProject section */

/* Begin PBXResourcesBuildPhase section */
		2CDB63B21AE94E2E00DC36B7 /* Resources */ = {
			isa = PBXResourcesBuildPhase;
			buildActionMask = 2147483647;
			files = (
				2CDB63BF1AE94E2E00DC36B7 /* Main.storyboard in Resources */,
				2CDB63C41AE94E2E00DC36B7 /* LaunchScreen.xib in Resources */,
				2CDB63C11AE94E2E00DC36B7 /* Images.xcassets in Resources */,
			);
			runOnlyForDeploymentPostprocessing = 0;
		};
		2CDB63C71AE94E2E00DC36B7 /* Resources */ = {
			isa = PBXResourcesBuildPhase;
			buildActionMask = 2147483647;
			files = (
			);
			runOnlyForDeploymentPostprocessing = 0;
		};
/* End PBXResourcesBuildPhase section */

/* Begin PBXSourcesBuildPhase section */
		2CDB63B01AE94E2E00DC36B7 /* Sources */ = {
			isa = PBXSourcesBuildPhase;
			buildActionMask = 2147483647;
			files = (
				2CDB63BC1AE94E2E00DC36B7 /* ViewController.swift in Sources */,
				2CDB63BA1AE94E2E00DC36B7 /* AppDelegate.swift in Sources */,
			);
			runOnlyForDeploymentPostprocessing = 0;
		};
		2CDB63C51AE94E2E00DC36B7 /* Sources */ = {
			isa = PBXSourcesBuildPhase;
			buildActionMask = 2147483647;
			files = (
				2CDB63D01AE94E2E00DC36B7 /* rewundTests.swift in Sources */,
			);
			runOnlyForDeploymentPostprocessing = 0;
		};
/* End PBXSourcesBuildPhase section */

/* Begin PBXTargetDependency section */
		2CDB63CB1AE94E2E00DC36B7 /* PBXTargetDependency */ = {
			isa = PBXTargetDependency;
			target = 2CDB63B31AE94E2E00DC36B7 /* rewund */;
			targetProxy = 2CDB63CA1AE94E2E00DC36B7 /* PBXContainerItemProxy */;
		};
/* End PBXTargetDependency section */

/* Begin PBXVariantGroup section */
		2CDB63BD1AE94E2E00DC36B7 /* Main.storyboard */ = {
			isa = PBXVariantGroup;
			children = (
				2CDB63BE1AE94E2E00DC36B7 /* Base */,
			);
			name = Main.storyboard;
			sourceTree = "<group>";
		};
		2CDB63C21AE94E2E00DC36B7 /* LaunchScreen.xib */ = {
			isa = PBXVariantGroup;
			children = (
				2CDB63C31AE94E2E00DC36B7 /* Base */,
			);
			name = LaunchScreen.xib;
			sourceTree = "<group>";
		};
/* End PBXVariantGroup section */

/* Begin XCBuildConfiguration section */
		2CDB63D11AE94E2E00DC36B7 /* Debug */ = {
			isa = XCBuildConfiguration;
			buildSettings = {
				ALWAYS_SEARCH_USER_PATHS = NO;
				CLANG_CXX_LANGUAGE_STANDARD = "gnu++0x";
				CLANG_CXX_LIBRARY = "libc++";
				CLANG_ENABLE_MODULES = YES;
				CLANG_ENABLE_OBJC_ARC = YES;
				CLANG_WARN_BOOL_CONVERSION = YES;
				CLANG_WARN_CONSTANT_CONVERSION = YES;
				CLANG_WARN_DIRECT_OBJC_ISA_USAGE = YES_ERROR;
				CLANG_WARN_EMPTY_BODY = YES;
				CLANG_WARN_ENUM_CONVERSION = YES;
				CLANG_WARN_INT_CONVERSION = YES;
				CLANG_WARN_OBJC_ROOT_CLASS = YES_ERROR;
				CLANG_WARN_UNREACHABLE_CODE = YES;
				CLANG_WARN__DUPLICATE_METHOD_MATCH = YES;
				"CODE_SIGN_IDENTITY[sdk=iphoneos*]" = "iPhone Developer";
				COPY_PHASE_STRIP = NO;
				DEBUG_INFORMATION_FORMAT = "dwarf-with-dsym";
				ENABLE_STRICT_OBJC_MSGSEND = YES;
				GCC_C_LANGUAGE_STANDARD = gnu99;
				GCC_DYNAMIC_NO_PIC = NO;
				GCC_NO_COMMON_BLOCKS = YES;
				GCC_OPTIMIZATION_LEVEL = 0;
				GCC_PREPROCESSOR_DEFINITIONS = (
					"DEBUG=1",
					"$(inherited)",
				);
				GCC_SYMBOLS_PRIVATE_EXTERN = NO;
				GCC_WARN_64_TO_32_BIT_CONVERSION = YES;
				GCC_WARN_ABOUT_RETURN_TYPE = YES_ERROR;
				GCC_WARN_UNDECLARED_SELECTOR = YES;
				GCC_WARN_UNINITIALIZED_AUTOS = YES_AGGRESSIVE;
				GCC_WARN_UNUSED_FUNCTION = YES;
				GCC_WARN_UNUSED_VARIABLE = YES;
				IPHONEOS_DEPLOYMENT_TARGET = 8.3;
				MTL_ENABLE_DEBUG_INFO = YES;
				ONLY_ACTIVE_ARCH = YES;
				SDKROOT = iphoneos;
				SWIFT_OPTIMIZATION_LEVEL = "-Onone";
			};
			name = Debug;
		};
		2CDB63D21AE94E2E00DC36B7 /* Release */ = {
			isa = XCBuildConfiguration;
			buildSettings = {
				ALWAYS_SEARCH_USER_PATHS = NO;
				CLANG_CXX_LANGUAGE_STANDARD = "gnu++0x";
				CLANG_CXX_LIBRARY = "libc++";
				CLANG_ENABLE_MODULES = YES;
				CLANG_ENABLE_OBJC_ARC = YES;
				CLANG_WARN_BOOL_CONVERSION = YES;
				CLANG_WARN_CONSTANT_CONVERSION = YES;
				CLANG_WARN_DIRECT_OBJC_ISA_USAGE = YES_ERROR;
				CLANG_WARN_EMPTY_BODY = YES;
				CLANG_WARN_ENUM_CONVERSION = YES;
				CLANG_WARN_INT_CONVERSION = YES;
				CLANG_WARN_OBJC_ROOT_CLASS = YES_ERROR;
				CLANG_WARN_UNREACHABLE_CODE = YES;
				CLANG_WARN__DUPLICATE_METHOD_MATCH = YES;
				"CODE_SIGN_IDENTITY[sdk=iphoneos*]" = "iPhone Developer";
				COPY_PHASE_STRIP = NO;
				DEBUG_INFORMATION_FORMAT = "dwarf-with-dsym";
				ENABLE_NS_ASSERTIONS = NO;
				ENABLE_STRICT_OBJC_MSGSEND = YES;
				GCC_C_LANGUAGE_STANDARD = gnu99;
				GCC_NO_COMMON_BLOCKS = YES;
				GCC_WARN_64_TO_32_BIT_CONVERSION = YES;
				GCC_WARN_ABOUT_RETURN_TYPE = YES_ERROR;
				GCC_WARN_UNDECLARED_SELECTOR = YES;
				GCC_WARN_UNINITIALIZED_AUTOS = YES_AGGRESSIVE;
				GCC_WARN_UNUSED_FUNCTION = YES;
				GCC_WARN_UNUSED_VARIABLE = YES;
				IPHONEOS_DEPLOYMENT_TARGET = 8.3;
				MTL_ENABLE_DEBUG_INFO = NO;
				SDKROOT = iphoneos;
				VALIDATE_PRODUCT = YES;
			};
			name = Release;
		};
		2CDB63D41AE94E2E00DC36B7 /* Debug */ = {
			isa = XCBuildConfiguration;
			buildSettings = {
				ASSETCATALOG_COMPILER_APPICON_NAME = AppIcon;
				INFOPLIST_FILE = rewund/Info.plist;
				LD_RUNPATH_SEARCH_PATHS = "$(inherited) @executable_path/Frameworks";
				PRODUCT_NAME = "$(TARGET_NAME)";
			};
			name = Debug;
		};
		2CDB63D51AE94E2E00DC36B7 /* Release */ = {
			isa = XCBuildConfiguration;
			buildSettings = {
				ASSETCATALOG_COMPILER_APPICON_NAME = AppIcon;
				INFOPLIST_FILE = rewund/Info.plist;
				LD_RUNPATH_SEARCH_PATHS = "$(inherited) @executable_path/Frameworks";
				PRODUCT_NAME = "$(TARGET_NAME)";
			};
			name = Release;
		};
		2CDB63D71AE94E2E00DC36B7 /* Debug */ = {
			isa = XCBuildConfiguration;
			buildSettings = {
				BUNDLE_LOADER = "$(TEST_HOST)";
				FRAMEWORK_SEARCH_PATHS = (
					"$(SDKROOT)/Developer/Library/Frameworks",
					"$(inherited)",
				);
				GCC_PREPROCESSOR_DEFINITIONS = (
					"DEBUG=1",
					"$(inherited)",
				);
				INFOPLIST_FILE = rewundTests/Info.plist;
				LD_RUNPATH_SEARCH_PATHS = "$(inherited) @executable_path/Frameworks @loader_path/Frameworks";
				PRODUCT_NAME = "$(TARGET_NAME)";
				TEST_HOST = "$(BUILT_PRODUCTS_DIR)/rewund.app/rewund";
			};
			name = Debug;
		};
		2CDB63D81AE94E2E00DC36B7 /* Release */ = {
			isa = XCBuildConfiguration;
			buildSettings = {
				BUNDLE_LOADER = "$(TEST_HOST)";
				FRAMEWORK_SEARCH_PATHS = (
					"$(SDKROOT)/Developer/Library/Frameworks",
					"$(inherited)",
				);
				INFOPLIST_FILE = rewundTests/Info.plist;
				LD_RUNPATH_SEARCH_PATHS = "$(inherited) @executable_path/Frameworks @loader_path/Frameworks";
				PRODUCT_NAME = "$(TARGET_NAME)";
				TEST_HOST = "$(BUILT_PRODUCTS_DIR)/rewund.app/rewund";
			};
			name = Release;
		};
/* End XCBuildConfiguration section */

/* Begin XCConfigurationList section */
		2CDB63AF1AE94E2E00DC36B7 /* Build configuration list for PBXProject "rewund" */ = {
			isa = XCConfigurationList;
			buildConfigurations = (
				2CDB63D11AE94E2E00DC36B7 /* Debug */,
				2CDB63D21AE94E2E00DC36B7 /* Release */,
			);
			defaultConfigurationIsVisible = 0;
			defaultConfigurationName = Release;
		};
		2CDB63D31AE94E2E00DC36B7 /* Build configuration list for PBXNativeTarget "rewund" */ = {
			isa = XCConfigurationList;
			buildConfigurations = (
				2CDB63D41AE94E2E00DC36B7 /* Debug */,
				2CDB63D51AE94E2E00DC36B7 /* Release */,
			);
			defaultConfigurationIsVisible = 0;
		};
		2CDB63D61AE94E2E00DC36B7 /* Build configuration list for PBXNativeTarget "rewundTests" */ = {
			isa = XCConfigurationList;
			buildConfigurations = (
				2CDB63D71AE94E2E00DC36B7 /* Debug */,
				2CDB63D81AE94E2E00DC36B7 /* Release */,
			);
			defaultConfigurationIsVisible = 0;
		};
/* End XCConfigurationList section */
	};
	rootObject = 2CDB63AC1AE94E2E00DC36B7 /* Project object */;
}
